
Microsoft Visual Studio Solution File, Format Version 12.00
# Visual Studio 15
VisualStudioVersion = 15.0.27130.2010
MinimumVisualStudioVersion = 10.0.40219.1
Project("{FAE04EC0-301F-11D3-BF4B-00C04F79EFBC}") = "Mod1_Lab1", "Mod1_Lab1\Mod1_Lab1.csproj", "{160C2A8A-616D-483B-B778-2B1DCE05D1FF}"
EndProject
Global
	GlobalSection(SolutionConfigurationPlatforms) = preSolution
		Debug|Any CPU = Debug|Any CPU
		Release|Any CPU = Release|Any CPU
	EndGlobalSection
	GlobalSection(ProjectConfigurationPlatforms) = postSolution
		{160C2A8A-616D-483B-B778-2B1DCE05D1FF}.Debug|Any CPU.ActiveCfg = Debug|Any CPU
		{160C2A8A-616D-483B-B778-2B1DCE05D1FF}.Debug|Any CPU.Build.0 = Debug|Any CPU
		{160C2A8A-616D-483B-B778-2B1DCE05D1FF}.Release|Any CPU.ActiveCfg = Release|Any CPU
		{160C2A8A-616D-483B-B778-2B1DCE05D1FF}.Release|Any CPU.Build.0 = Release|Any CPU
	EndGlobalSection
	GlobalSection(SolutionProperties) = preSolution
		HideSolutionNode = FALSE
	EndGlobalSection
	GlobalSection(ExtensibilityGlobals) = postSolution
		SolutionGuid = {A55F767D-7969-4309-9940-F370EBA7AA49}
	EndGlobalSection
EndGlobal
